
Microsoft Visual Studio Solution File, Format Version 11.00
# Visual Studio 2010
Project("{F184B08F-C81C-45F6-A57F-5ABD9991F28F}") = "WXPLoader", "WXPLoader\WXPLoader.vbproj", "{43BDF030-939B-4761-87EF-B904B8D35C1A}"
EndProject
Project("{F184B08F-C81C-45F6-A57F-5ABD9991F28F}") = "WXPModel", "WXPModel\WXPModel.vbproj", "{F5539E71-5757-4C29-A134-63EC9739391C}"
EndProject
Project("{F184B08F-C81C-45F6-A57F-5ABD9991F28F}") = "WXPLogic", "WXPLogic\WXPLogic.vbproj", "{044D846D-7298-4421-865D-656C720B9031}"
EndProject
Global
	GlobalSection(SolutionConfigurationPlatforms) = preSolution
		Debug|Any CPU = Debug|Any CPU
		Debug|Mixed Platforms = Debug|Mixed Platforms
		Debug|x86 = Debug|x86
		Release|Any CPU = Release|Any CPU
		Release|Mixed Platforms = Release|Mixed Platforms
		Release|x86 = Release|x86
	EndGlobalSection
	GlobalSection(ProjectConfigurationPlatforms) = postSolution
		{43BDF030-939B-4761-87EF-B904B8D35C1A}.Debug|Any CPU.ActiveCfg = Debug|x86
		{43BDF030-939B-4761-87EF-B904B8D35C1A}.Debug|Mixed Platforms.ActiveCfg = Debug|x86
		{43BDF030-939B-4761-87EF-B904B8D35C1A}.Debug|Mixed Platforms.Build.0 = Debug|x86
		{43BDF030-939B-4761-87EF-B904B8D35C1A}.Debug|x86.ActiveCfg = Debug|x86
		{43BDF030-939B-4761-87EF-B904B8D35C1A}.Debug|x86.Build.0 = Debug|x86
		{43BDF030-939B-4761-87EF-B904B8D35C1A}.Release|Any CPU.ActiveCfg = Release|x86
		{43BDF030-939B-4761-87EF-B904B8D35C1A}.Release|Mixed Platforms.ActiveCfg = Release|x86
		{43BDF030-939B-4761-87EF-B904B8D35C1A}.Release|Mixed Platforms.Build.0 = Release|x86
		{43BDF030-939B-4761-87EF-B904B8D35C1A}.Release|x86.ActiveCfg = Release|x86
		{43BDF030-939B-4761-87EF-B904B8D35C1A}.Release|x86.Build.0 = Release|x86
		{F5539E71-5757-4C29-A134-63EC9739391C}.Debug|Any CPU.ActiveCfg = Debug|Any CPU
		{F5539E71-5757-4C29-A134-63EC9739391C}.Debug|Any CPU.Build.0 = Debug|Any CPU
		{F5539E71-5757-4C29-A134-63EC9739391C}.Debug|Mixed Platforms.ActiveCfg = Debug|Any CPU
		{F5539E71-5757-4C29-A134-63EC9739391C}.Debug|Mixed Platforms.Build.0 = Debug|Any CPU
		{F5539E71-5757-4C29-A134-63EC9739391C}.Debug|x86.ActiveCfg = Debug|Any CPU
		{F5539E71-5757-4C29-A134-63EC9739391C}.Release|Any CPU.ActiveCfg = Release|Any CPU
		{F5539E71-5757-4C29-A134-63EC9739391C}.Release|Any CPU.Build.0 = Release|Any CPU
		{F5539E71-5757-4C29-A134-63EC9739391C}.Release|Mixed Platforms.ActiveCfg = Release|Any CPU
		{F5539E71-5757-4C29-A134-63EC9739391C}.Release|Mixed Platforms.Build.0 = Release|Any CPU
		{F5539E71-5757-4C29-A134-63EC9739391C}.Release|x86.ActiveCfg = Release|Any CPU
		{044D846D-7298-4421-865D-656C720B9031}.Debug|Any CPU.ActiveCfg = Debug|Any CPU
		{044D846D-7298-4421-865D-656C720B9031}.Debug|Any CPU.Build.0 = Debug|Any CPU
		{044D846D-7298-4421-865D-656C720B9031}.Debug|Mixed Platforms.ActiveCfg = Debug|Any CPU
		{044D846D-7298-4421-865D-656C720B9031}.Debug|Mixed Platforms.Build.0 = Debug|Any CPU
		{044D846D-7298-4421-865D-656C720B9031}.Debug|x86.ActiveCfg = Debug|Any CPU
		{044D846D-7298-4421-865D-656C720B9031}.Release|Any CPU.ActiveCfg = Release|Any CPU
		{044D846D-7298-4421-865D-656C720B9031}.Release|Any CPU.Build.0 = Release|Any CPU
		{044D846D-7298-4421-865D-656C720B9031}.Release|Mixed Platforms.ActiveCfg = Release|Any CPU
		{044D846D-7298-4421-865D-656C720B9031}.Release|Mixed Platforms.Build.0 = Release|Any CPU
		{044D846D-7298-4421-865D-656C720B9031}.Release|x86.ActiveCfg = Release|Any CPU
	EndGlobalSection
	GlobalSection(SolutionProperties) = preSolution
		HideSolutionNode = FALSE
	EndGlobalSection
EndGlobal
